
Microsoft Visual Studio Solution File, Format Version 12.00
# Visual Studio 15
VisualStudioVersion = 15.0.28010.2046
MinimumVisualStudioVersion = 10.0.40219.1
Project("{FAE04EC0-301F-11D3-BF4B-00C04F79EFBC}") = "DrawingStuff", "DrawingStuff\DrawingStuff.csproj", "{6946FF8D-4FB1-4E1D-B707-B730D4041D0A}"
EndProject
Global
	GlobalSection(SolutionConfigurationPlatforms) = preSolution
		Debug|Any CPU = Debug|Any CPU
		Release|Any CPU = Release|Any CPU
	EndGlobalSection
	GlobalSection(ProjectConfigurationPlatforms) = postSolution
		{6946FF8D-4FB1-4E1D-B707-B730D4041D0A}.Debug|Any CPU.ActiveCfg = Debug|Any CPU
		{6946FF8D-4FB1-4E1D-B707-B730D4041D0A}.Debug|Any CPU.Build.0 = Debug|Any CPU
		{6946FF8D-4FB1-4E1D-B707-B730D4041D0A}.Release|Any CPU.ActiveCfg = Release|Any CPU
		{6946FF8D-4FB1-4E1D-B707-B730D4041D0A}.Release|Any CPU.Build.0 = Release|Any CPU
	EndGlobalSection
	GlobalSection(SolutionProperties) = preSolution
		HideSolutionNode = FALSE
	EndGlobalSection
	GlobalSection(ExtensibilityGlobals) = postSolution
		SolutionGuid = {3DE02053-E4E7-494A-B8FD-406730A7FC8B}
	EndGlobalSection
EndGlobal
